<?xml version="1.0" encoding="UTF-8" standalone="yes" ?>
<CodeBlocks_project_file>
	<FileVersion major="1" minor="6" />
	<Project>
		<Option title="libsin" />
		<Option pch_mode="2" />
		<Option compiler="gcc" />
		<Option virtualFolders="font\;timer\;ui\;zutil\;camera\;prim\;curve\;light\;sql\;socket\;" />
		<Build>
			<Target title="font">
				<Option output="..\lib\libsinfont" prefix_auto="1" extension_auto="1" />
				<Option working_dir="" />
				<Option object_output="obj\Release\" />
				<Option type="2" />
				<Option compiler="gcc" />
				<Option createDefFile="1" />
				<Compiler>
					<Add option="-O2" />
					<Add directory="..\..\freetype\include" />
					<Add directory="..\..\glfw\include" />
				</Compiler>
				<Linker>
					<Add option="-s" />
				</Linker>
			</Target>
			<Target title="ui">
				<Option output="..\lib\libsinui" prefix_auto="1" extension_auto="1" />
				<Option working_dir="" />
				<Option object_output="obj\Release\" />
				<Option type="2" />
				<Option compiler="gcc" />
				<Option createDefFile="1" />
				<Compiler>
					<Add option="-O2" />
					<Add directory="..\..\freetype\include" />
					<Add directory="..\..\glfw\include" />
				</Compiler>
				<Linker>
					<Add option="-s" />
				</Linker>
			</Target>
		</Build>
		<VirtualTargets>
			<Add alias="all" targets="font;ui;" />
		</VirtualTargets>
		<Compiler>
			<Add option="-march=prescott" />
			<Add option="-Wextra" />
			<Add option="-Wall" />
			<Add directory="..\include" />
		</Compiler>
		<Unit filename="font\controller.cpp">
			<Option virtualFolder="font\" />
			<Option target="font" />
		</Unit>
		<Unit filename="font\font.cpp">
			<Option virtualFolder="font\" />
			<Option target="font" />
		</Unit>
		<Unit filename="font\font_obj.cpp">
			<Option virtualFolder="font\" />
			<Option target="font" />
		</Unit>
		<Unit filename="font\languages.cpp">
			<Option virtualFolder="font\" />
			<Option target="font" />
		</Unit>
		<Unit filename="font\pointers.cpp">
			<Option virtualFolder="font\" />
			<Option target="font" />
		</Unit>
		<Unit filename="ui\ui.cpp">
			<Option virtualFolder="ui\" />
			<Option target="ui" />
		</Unit>
		<Unit filename="ui\ui_base.cpp">
			<Option virtualFolder="ui\" />
			<Option target="ui" />
		</Unit>
		<Unit filename="ui\ui_button.cpp">
			<Option virtualFolder="ui\" />
			<Option target="ui" />
		</Unit>
		<Unit filename="ui\ui_button_np.cpp">
			<Option virtualFolder="ui\" />
			<Option target="ui" />
		</Unit>
		<Unit filename="ui\ui_checkbox.cpp">
			<Option virtualFolder="ui\" />
			<Option target="ui" />
		</Unit>
		<Unit filename="ui\ui_label.cpp">
			<Option virtualFolder="ui\" />
			<Option target="ui" />
		</Unit>
		<Unit filename="ui\ui_structs.cpp">
			<Option virtualFolder="ui\" />
			<Option target="ui" />
		</Unit>
		<Unit filename="ui\ui_textinput.cpp">
			<Option virtualFolder="ui\" />
			<Option target="ui" />
		</Unit>
		<Unit filename="ui\ui_window.cpp">
			<Option virtualFolder="ui\" />
			<Option target="ui" />
		</Unit>
		<Unit filename="..\include\sincamera.h">
			<Option virtualFolder="camera\" />
			<Option target="&lt;{~None~}&gt;" />
		</Unit>
		<Unit filename="..\include\sincurve.h">
			<Option virtualFolder="curve\" />
			<Option target="&lt;{~None~}&gt;" />
		</Unit>
		<Unit filename="..\include\sinfont.h">
			<Option virtualFolder="font\" />
			<Option target="font" />
		</Unit>
		<Unit filename="..\include\sinlight.h">
			<Option virtualFolder="light\" />
			<Option target="&lt;{~None~}&gt;" />
		</Unit>
		<Unit filename="..\include\sinprim.h">
			<Option virtualFolder="prim\" />
			<Option target="&lt;{~None~}&gt;" />
		</Unit>
		<Unit filename="..\include\sinsocket.h">
			<Option virtualFolder="socket\" />
			<Option target="&lt;{~None~}&gt;" />
		</Unit>
		<Unit filename="..\include\sinsqlite.h">
			<Option virtualFolder="sql\" />
			<Option target="&lt;{~None~}&gt;" />
		</Unit>
		<Unit filename="..\include\sintimer.h">
			<Option virtualFolder="timer\" />
			<Option target="&lt;{~None~}&gt;" />
		</Unit>
		<Unit filename="..\include\sinui.h">
			<Option virtualFolder="ui\" />
			<Option target="ui" />
		</Unit>
		<Unit filename="..\include\sinzutil.h">
			<Option virtualFolder="zutil\" />
			<Option target="&lt;{~None~}&gt;" />
		</Unit>
		<Extensions>
			<code_completion />
			<envvars />
			<debugger />
			<lib_finder disable_auto="1" />
		</Extensions>
	</Project>
</CodeBlocks_project_file>
