<?xml version="1.0" encoding="UTF-8" standalone="yes" ?>
<CodeBlocks_project_file>
	<FileVersion major="1" minor="6" />
	<Project>
		<Option title="libsin" />
		<Option pch_mode="2" />
		<Option compiler="gcc" />
		<Option virtualFolders="font\;timer\;ui\;zutil\;camera\;prim\;curve\;light\;" />
		<Build>
			<Target title="zlib_util">
				<Option output="..\lib\libsinz" prefix_auto="1" extension_auto="1" />
				<Option working_dir="" />
				<Option object_output="obj\Release\" />
				<Option type="2" />
				<Option compiler="gcc" />
				<Option createDefFile="1" />
				<Compiler>
					<Add option="-O2" />
					<Add directory="..\..\z\include" />
				</Compiler>
				<Linker>
					<Add option="-s" />
				</Linker>
			</Target>
			<Target title="font">
				<Option output="..\lib\libsinfont" prefix_auto="1" extension_auto="1" />
				<Option working_dir="" />
				<Option object_output="obj\Release\" />
				<Option type="2" />
				<Option compiler="gcc" />
				<Option createDefFile="1" />
				<Compiler>
					<Add option="-O2" />
					<Add directory="..\..\freetype\include" />
					<Add directory="..\..\glfw\include" />
				</Compiler>
				<Linker>
					<Add option="-s" />
				</Linker>
			</Target>
			<Target title="timer">
				<Option output="..\lib\libsintimer" prefix_auto="1" extension_auto="1" />
				<Option working_dir="" />
				<Option object_output="obj\Release\" />
				<Option type="2" />
				<Option compiler="gcc" />
				<Option createDefFile="1" />
				<Compiler>
					<Add option="-O2" />
					<Add directory="..\..\glfw\include" />
				</Compiler>
				<Linker>
					<Add option="-s" />
				</Linker>
			</Target>
			<Target title="ui">
				<Option output="..\lib\libsinui" prefix_auto="1" extension_auto="1" />
				<Option working_dir="" />
				<Option object_output="obj\Release\" />
				<Option type="2" />
				<Option compiler="gcc" />
				<Option createDefFile="1" />
				<Compiler>
					<Add option="-O2" />
					<Add directory="..\..\glfw\include" />
				</Compiler>
				<Linker>
					<Add option="-s" />
				</Linker>
			</Target>
			<Target title="camera">
				<Option output="..\lib\libsincam" prefix_auto="1" extension_auto="1" />
				<Option working_dir="" />
				<Option object_output="obj\Release\" />
				<Option type="2" />
				<Option compiler="gcc" />
				<Option createDefFile="1" />
				<Compiler>
					<Add option="-O2" />
					<Add directory="..\..\glfw\include" />
				</Compiler>
				<Linker>
					<Add option="-s" />
					<Add library="sinprim" />
				</Linker>
			</Target>
			<Target title="prim">
				<Option output="..\lib\libsinprim" prefix_auto="1" extension_auto="1" />
				<Option working_dir="" />
				<Option object_output="obj\Release\" />
				<Option type="2" />
				<Option compiler="gcc" />
				<Option createDefFile="1" />
				<Compiler>
					<Add option="-O2" />
					<Add directory="..\..\glfw\include" />
				</Compiler>
				<Linker>
					<Add option="-s" />
				</Linker>
			</Target>
			<Target title="curve">
				<Option output="..\lib\libsincurve" prefix_auto="1" extension_auto="1" />
				<Option working_dir="" />
				<Option object_output="obj\Release\" />
				<Option type="2" />
				<Option compiler="gcc" />
				<Option createDefFile="1" />
				<Compiler>
					<Add option="-O2" />
					<Add directory="..\..\glfw\include" />
				</Compiler>
				<Linker>
					<Add option="-s" />
				</Linker>
			</Target>
			<Target title="light">
				<Option output="..\lib\libsinlight" prefix_auto="1" extension_auto="1" />
				<Option working_dir="" />
				<Option object_output="obj\Release\" />
				<Option type="2" />
				<Option compiler="gcc" />
				<Option createDefFile="1" />
				<Compiler>
					<Add option="-O2" />
					<Add directory="..\..\glfw\include" />
				</Compiler>
				<Linker>
					<Add option="-s" />
				</Linker>
			</Target>
		</Build>
		<VirtualTargets>
			<Add alias="all" targets="zlib_util;font;timer;ui;camera;prim;curve;" />
		</VirtualTargets>
		<Compiler>
			<Add option="-Wall" />
			<Add directory="..\include" />
		</Compiler>
		<Unit filename="camera\camera.cpp">
			<Option virtualFolder="camera\" />
			<Option target="camera" />
		</Unit>
		<Unit filename="curve\curve.cpp">
			<Option virtualFolder="curve\" />
			<Option target="curve" />
		</Unit>
		<Unit filename="font\controller.cpp">
			<Option virtualFolder="font\" />
			<Option target="font" />
		</Unit>
		<Unit filename="font\font.cpp">
			<Option virtualFolder="font\" />
			<Option target="font" />
		</Unit>
		<Unit filename="font\font_obj.cpp">
			<Option virtualFolder="font\" />
			<Option target="font" />
		</Unit>
		<Unit filename="font\languages.cpp">
			<Option virtualFolder="font\" />
			<Option target="font" />
		</Unit>
		<Unit filename="font\pointers.cpp">
			<Option virtualFolder="font\" />
			<Option target="font" />
		</Unit>
		<Unit filename="light\light.cpp">
			<Option virtualFolder="light\" />
			<Option target="light" />
		</Unit>
		<Unit filename="prim\prim.cpp">
			<Option virtualFolder="prim\" />
			<Option target="prim" />
			<Option target="curve" />
		</Unit>
		<Unit filename="timer\timer.cpp">
			<Option virtualFolder="timer\" />
			<Option target="timer" />
		</Unit>
		<Unit filename="ui\ui.cpp">
			<Option virtualFolder="ui\" />
			<Option target="ui" />
		</Unit>
		<Unit filename="zutil\zlib_util.cpp">
			<Option virtualFolder="zutil\" />
			<Option target="zlib_util" />
		</Unit>
		<Unit filename="..\include\sincamera.h">
			<Option virtualFolder="camera\" />
			<Option target="camera" />
		</Unit>
		<Unit filename="..\include\sincurve.h">
			<Option virtualFolder="curve\" />
			<Option target="curve" />
		</Unit>
		<Unit filename="..\include\sinfont.h">
			<Option virtualFolder="font\" />
			<Option target="font" />
		</Unit>
		<Unit filename="..\include\sinlight.h">
			<Option virtualFolder="light\" />
			<Option target="light" />
		</Unit>
		<Unit filename="..\include\sinprim.h">
			<Option virtualFolder="prim\" />
			<Option target="prim" />
			<Option target="curve" />
		</Unit>
		<Unit filename="..\include\sintimer.h">
			<Option virtualFolder="timer\" />
			<Option target="timer" />
		</Unit>
		<Unit filename="..\include\sinui.h">
			<Option virtualFolder="ui\" />
			<Option target="ui" />
		</Unit>
		<Unit filename="..\include\sinzutil.h">
			<Option virtualFolder="zutil\" />
			<Option target="zlib_util" />
		</Unit>
		<Extensions>
			<code_completion />
			<envvars />
			<debugger />
			<lib_finder disable_auto="1" />
		</Extensions>
	</Project>
</CodeBlocks_project_file>
