<?xml version="1.0" encoding="UTF-8" standalone="yes" ?>
<CodeBlocks_project_file>
	<FileVersion major="1" minor="6" />
	<Project>
		<Option title="libsin" />
		<Option pch_mode="2" />
		<Option compiler="gcc" />
		<Option virtualFolders="font\;timer\;ui\;zutil\;camera\;prim\;curve\;light\;sql\;socket\;small font\;shadow\;" />
		<Build>
			<Target title="font">
				<Option platforms="Windows;" />
				<Option output="..\lib\libsinfont" prefix_auto="1" extension_auto="1" />
				<Option working_dir="" />
				<Option object_output="obj\Release\" />
				<Option type="2" />
				<Option compiler="gcc" />
				<Option createDefFile="1" />
				<Compiler>
					<Add option="-O2" />
					<Add directory="..\..\freetype\include" />
					<Add directory="..\..\glfw\include" />
				</Compiler>
				<Linker>
					<Add option="-s" />
				</Linker>
			</Target>
			<Target title="ui">
				<Option platforms="Windows;" />
				<Option output="..\lib\libsinui" prefix_auto="1" extension_auto="1" />
				<Option working_dir="" />
				<Option object_output="obj\Release\" />
				<Option type="2" />
				<Option compiler="gcc" />
				<Option createDefFile="1" />
				<Compiler>
					<Add option="-O2" />
					<Add directory="..\..\freetype\include" />
					<Add directory="..\..\glfw\include" />
				</Compiler>
				<Linker>
					<Add option="-s" />
				</Linker>
			</Target>
			<Target title="socket">
				<Option platforms="Windows;" />
				<Option output="..\lib\libsinsocket" prefix_auto="1" extension_auto="1" />
				<Option working_dir="" />
				<Option object_output="obj\Release_mt\" />
				<Option type="2" />
				<Option compiler="gcc" />
				<Option createDefFile="1" />
				<Compiler>
					<Add option="-O2" />
					<Add option="-D_WIN32_WINNT=0x501" />
					<Add option="-DPTW32_STATIC_LIB" />
				</Compiler>
				<Linker>
					<Add option="-s" />
				</Linker>
			</Target>
			<Target title="socket - nothread">
				<Option platforms="Windows;" />
				<Option output="..\lib\libsinsocket_nt" prefix_auto="1" extension_auto="1" />
				<Option working_dir="" />
				<Option object_output="obj\Release\" />
				<Option type="2" />
				<Option compiler="gcc" />
				<Option createDefFile="1" />
				<Compiler>
					<Add option="-O2" />
					<Add option="-D_WIN32_WINNT=0x501" />
					<Add option="-DPTW32_STATIC_LIB" />
					<Add option="-DSINSOCKET_NO_THREADS" />
				</Compiler>
				<Linker>
					<Add option="-s" />
				</Linker>
			</Target>
			<Target title="socket - linux">
				<Option platforms="Unix;" />
				<Option output="..\lib_linux\libsinsocket" prefix_auto="1" extension_auto="1" />
				<Option working_dir="" />
				<Option object_output="obj\Release\" />
				<Option type="2" />
				<Option compiler="gcc" />
				<Option createDefFile="1" />
				<Compiler>
					<Add option="-O2" />
				</Compiler>
				<Linker>
					<Add option="-s" />
				</Linker>
			</Target>
			<Target title="sqlite">
				<Option platforms="Windows;" />
				<Option output="..\lib\libsinsqlite" prefix_auto="1" extension_auto="1" />
				<Option working_dir="" />
				<Option object_output="obj\Release\" />
				<Option type="2" />
				<Option compiler="gcc" />
				<Option createDefFile="1" />
				<Compiler>
					<Add option="-O2" />
					<Add option="-DSQLITE_THREADSAFE" />
					<Add directory="..\..\freetype\include" />
					<Add directory="..\..\glfw\include" />
				</Compiler>
				<Linker>
					<Add option="-s" />
				</Linker>
			</Target>
			<Target title="sqlite - linux">
				<Option platforms="Unix;" />
				<Option output="..\lib_linux\libsinsqlite" prefix_auto="1" extension_auto="1" />
				<Option working_dir="" />
				<Option object_output="obj\Release\" />
				<Option type="2" />
				<Option compiler="gcc" />
				<Option createDefFile="1" />
				<Compiler>
					<Add option="-O2" />
					<Add option="-DSQLITE_THREADSAFE" />
				</Compiler>
				<Linker>
					<Add option="-s" />
				</Linker>
			</Target>
			<Target title="tinyfont">
				<Option platforms="Windows;" />
				<Option output="..\lib\libsintinyfont" prefix_auto="1" extension_auto="1" />
				<Option working_dir="" />
				<Option object_output="obj\Release\" />
				<Option type="2" />
				<Option compiler="gcc" />
				<Option createDefFile="1" />
				<Compiler>
					<Add option="-O2" />
					<Add directory="..\..\glfw\include" />
				</Compiler>
				<Linker>
					<Add option="-s" />
				</Linker>
			</Target>
			<Target title="headers_only">
				<Option output="libsin" prefix_auto="1" extension_auto="1" />
				<Option type="0" />
				<Option compiler="gcc" />
			</Target>
		</Build>
		<VirtualTargets>
			<Add alias="all" targets="font;ui;socket;socket - nothread;sqlite;tinyfont;" />
		</VirtualTargets>
		<Compiler>
			<Add option="-Wextra" />
			<Add option="-Wall" />
			<Add directory="..\include" />
		</Compiler>
		<Unit filename="font\controller.cpp">
			<Option virtualFolder="font\" />
			<Option target="font" />
		</Unit>
		<Unit filename="font\font.cpp">
			<Option virtualFolder="font\" />
			<Option target="font" />
		</Unit>
		<Unit filename="font\font_obj.cpp">
			<Option virtualFolder="font\" />
			<Option target="font" />
		</Unit>
		<Unit filename="font\languages.cpp">
			<Option virtualFolder="font\" />
			<Option target="font" />
		</Unit>
		<Unit filename="font\pointers.cpp">
			<Option virtualFolder="font\" />
			<Option target="font" />
		</Unit>
		<Unit filename="small_font\tinyfont.cpp">
			<Option virtualFolder="small font\" />
			<Option target="tinyfont" />
		</Unit>
		<Unit filename="socket\sinsocket.cpp">
			<Option virtualFolder="socket\" />
			<Option target="socket" />
			<Option target="socket - linux" />
			<Option target="socket - nothread" />
		</Unit>
		<Unit filename="sql\sinsqlite.cpp">
			<Option virtualFolder="sql\" />
			<Option target="sqlite" />
			<Option target="sqlite - linux" />
		</Unit>
		<Unit filename="ui\ui.cpp">
			<Option virtualFolder="ui\" />
			<Option target="ui" />
		</Unit>
		<Unit filename="ui\ui_base.cpp">
			<Option virtualFolder="ui\" />
			<Option target="ui" />
		</Unit>
		<Unit filename="ui\ui_button.cpp">
			<Option virtualFolder="ui\" />
			<Option target="ui" />
		</Unit>
		<Unit filename="ui\ui_button_np.cpp">
			<Option virtualFolder="ui\" />
			<Option target="ui" />
		</Unit>
		<Unit filename="ui\ui_checkbox.cpp">
			<Option virtualFolder="ui\" />
			<Option target="ui" />
		</Unit>
		<Unit filename="ui\ui_label.cpp">
			<Option virtualFolder="ui\" />
			<Option target="ui" />
		</Unit>
		<Unit filename="ui\ui_structs.cpp">
			<Option virtualFolder="ui\" />
			<Option target="ui" />
		</Unit>
		<Unit filename="ui\ui_textinput.cpp">
			<Option virtualFolder="ui\" />
			<Option target="ui" />
		</Unit>
		<Unit filename="ui\ui_window.cpp">
			<Option virtualFolder="ui\" />
			<Option target="ui" />
		</Unit>
		<Unit filename="..\include\sincamera.h">
			<Option virtualFolder="camera\" />
			<Option target="&lt;{~None~}&gt;" />
		</Unit>
		<Unit filename="..\include\sincurve.h">
			<Option virtualFolder="curve\" />
			<Option target="&lt;{~None~}&gt;" />
		</Unit>
		<Unit filename="..\include\sinfont.h">
			<Option virtualFolder="font\" />
			<Option target="font" />
		</Unit>
		<Unit filename="..\include\sinlight.h">
			<Option virtualFolder="light\" />
			<Option target="&lt;{~None~}&gt;" />
		</Unit>
		<Unit filename="..\include\sinprim.h">
			<Option virtualFolder="prim\" />
			<Option target="&lt;{~None~}&gt;" />
		</Unit>
		<Unit filename="..\include\sinshadow.h">
			<Option virtualFolder="shadow\" />
			<Option target="headers_only" />
		</Unit>
		<Unit filename="..\include\sinsocket.h">
			<Option virtualFolder="socket\" />
			<Option target="socket" />
			<Option target="socket - linux" />
			<Option target="socket - nothread" />
		</Unit>
		<Unit filename="..\include\sinsqlite.h">
			<Option virtualFolder="sql\" />
			<Option target="sqlite" />
			<Option target="sqlite - linux" />
		</Unit>
		<Unit filename="..\include\sintimer.h">
			<Option virtualFolder="timer\" />
			<Option target="&lt;{~None~}&gt;" />
		</Unit>
		<Unit filename="..\include\sintinyfont.h">
			<Option virtualFolder="small font\" />
			<Option target="tinyfont" />
		</Unit>
		<Unit filename="..\include\sinui.h">
			<Option virtualFolder="ui\" />
			<Option target="ui" />
			<Option target="socket" />
			<Option target="socket - linux" />
			<Option target="socket - nothread" />
		</Unit>
		<Unit filename="..\include\sinzutil.h">
			<Option virtualFolder="zutil\" />
			<Option target="&lt;{~None~}&gt;" />
		</Unit>
		<Unit filename="..\include\sqlite3.c">
			<Option compilerVar="CC" />
			<Option virtualFolder="sql\" />
			<Option target="sqlite" />
			<Option target="sqlite - linux" />
		</Unit>
		<Extensions>
			<code_completion />
			<envvars />
			<debugger />
			<lib_finder disable_auto="1" />
		</Extensions>
	</Project>
</CodeBlocks_project_file>
